// !$*UTF8*$!
{
	archiveVersion = 1;
	classes = {
	};
	objectVersion = 50;
	objects = {

/* Begin PBXBuildFile section */
		C80AAA7422DFAB3600BC9D94 /* AppDelegate.swift in Sources */ = {isa = PBXBuildFile; fileRef = C80AAA7322DFAB3600BC9D94 /* AppDelegate.swift */; };
		C80AAA7922DFAB3600BC9D94 /* Main.storyboard in Resources */ = {isa = PBXBuildFile; fileRef = C80AAA7722DFAB3600BC9D94 /* Main.storyboard */; };
		C80AAA7B22DFAB3700BC9D94 /* Assets.xcassets in Resources */ = {isa = PBXBuildFile; fileRef = C80AAA7A22DFAB3700BC9D94 /* Assets.xcassets */; };
		C80AAA7E22DFAB3700BC9D94 /* LaunchScreen.storyboard in Resources */ = {isa = PBXBuildFile; fileRef = C80AAA7C22DFAB3700BC9D94 /* LaunchScreen.storyboard */; };
		C80AAA8C22DFE1CB00BC9D94 /* TableViewController.swift in Sources */ = {isa = PBXBuildFile; fileRef = C80AAA8B22DFE1CB00BC9D94 /* TableViewController.swift */; };
		C80AAA8E22DFF5D900BC9D94 /* TableViewCell.swift in Sources */ = {isa = PBXBuildFile; fileRef = C80AAA8D22DFF5D900BC9D94 /* TableViewCell.swift */; };
		C8B3A34A22E3973B002FEC3B /* DetailViewController.swift in Sources */ = {isa = PBXBuildFile; fileRef = C8B3A34922E3973B002FEC3B /* DetailViewController.swift */; };
/* End PBXBuildFile section */

/* Begin PBXFileReference section */
		C80AAA7022DFAB3600BC9D94 /* Table view with internal data.app */ = {isa = PBXFileReference; explicitFileType = wrapper.application; includeInIndex = 0; path = "Table view with internal data.app"; sourceTree = BUILT_PRODUCTS_DIR; };
		C80AAA7322DFAB3600BC9D94 /* AppDelegate.swift */ = {isa = PBXFileReference; lastKnownFileType = sourcecode.swift; path = AppDelegate.swift; sourceTree = "<group>"; };
		C80AAA7822DFAB3600BC9D94 /* Base */ = {isa = PBXFileReference; lastKnownFileType = file.storyboard; name = Base; path = Base.lproj/Main.storyboard; sourceTree = "<group>"; };
		C80AAA7A22DFAB3700BC9D94 /* Assets.xcassets */ = {isa = PBXFileReference; lastKnownFileType = folder.assetcatalog; path = Assets.xcassets; sourceTree = "<group>"; };
		C80AAA7D22DFAB3700BC9D94 /* Base */ = {isa = PBXFileReference; lastKnownFileType = file.storyboard; name = Base; path = Base.lproj/LaunchScreen.storyboard; sourceTree = "<group>"; };
		C80AAA7F22DFAB3700BC9D94 /* Info.plist */ = {isa = PBXFileReference; lastKnownFileType = text.plist.xml; path = Info.plist; sourceTree = "<group>"; };
		C80AAA8B22DFE1CB00BC9D94 /* TableViewController.swift */ = {isa = PBXFileReference; lastKnownFileType = sourcecode.swift; path = TableViewController.swift; sourceTree = "<group>"; };
		C80AAA8D22DFF5D900BC9D94 /* TableViewCell.swift */ = {isa = PBXFileReference; lastKnownFileType = sourcecode.swift; path = TableViewCell.swift; sourceTree = "<group>"; };
		C8B3A34922E3973B002FEC3B /* DetailViewController.swift */ = {isa = PBXFileReference; lastKnownFileType = sourcecode.swift; path = DetailViewController.swift; sourceTree = "<group>"; };
/* End PBXFileReference section */

/* Begin PBXFrameworksBuildPhase section */
		C80AAA6D22DFAB3600BC9D94 /* Frameworks */ = {
			isa = PBXFrameworksBuildPhase;
			buildActionMask = 2147483647;
			files = (
			);
			runOnlyForDeploymentPostprocessing = 0;
		};
/* End PBXFrameworksBuildPhase section */

/* Begin PBXGroup section */
		C80AAA6722DFAB3600BC9D94 = {
			isa = PBXGroup;
			children = (
				C80AAA7222DFAB3600BC9D94 /* Table view with internal data */,
				C80AAA7122DFAB3600BC9D94 /* Products */,
			);
			sourceTree = "<group>";
		};
		C80AAA7122DFAB3600BC9D94 /* Products */ = {
			isa = PBXGroup;
			children = (
				C80AAA7022DFAB3600BC9D94 /* Table view with internal data.app */,
			);
			name = Products;
			sourceTree = "<group>";
		};
		C80AAA7222DFAB3600BC9D94 /* Table view with internal data */ = {
			isa = PBXGroup;
			children = (
				C80AAA7322DFAB3600BC9D94 /* AppDelegate.swift */,
				C80AAA8B22DFE1CB00BC9D94 /* TableViewController.swift */,
				C8B3A34922E3973B002FEC3B /* DetailViewController.swift */,
				C80AAA7722DFAB3600BC9D94 /* Main.storyboard */,
				C80AAA8D22DFF5D900BC9D94 /* TableViewCell.swift */,
				C80AAA7A22DFAB3700BC9D94 /* Assets.xcassets */,
				C80AAA7C22DFAB3700BC9D94 /* LaunchScreen.storyboard */,
				C80AAA7F22DFAB3700BC9D94 /* Info.plist */,
			);
			path = "Table view with internal data";
			sourceTree = "<group>";
		};
/* End PBXGroup section */

/* Begin PBXNativeTarget section */
		C80AAA6F22DFAB3600BC9D94 /* Table view with internal data */ = {
			isa = PBXNativeTarget;
			buildConfigurationList = C80AAA8222DFAB3700BC9D94 /* Build configuration list for PBXNativeTarget "Table view with internal data" */;
			buildPhases = (
				C80AAA6C22DFAB3600BC9D94 /* Sources */,
				C80AAA6D22DFAB3600BC9D94 /* Frameworks */,
				C80AAA6E22DFAB3600BC9D94 /* Resources */,
			);
			buildRules = (
			);
			dependencies = (
			);
			name = "Table view with internal data";
			productName = "Table view with internal data";
			productReference = C80AAA7022DFAB3600BC9D94 /* Table view with internal data.app */;
			productType = "com.apple.product-type.application";
		};
/* End PBXNativeTarget section */

/* Begin PBXProject section */
		C80AAA6822DFAB3600BC9D94 /* Project object */ = {
			isa = PBXProject;
			attributes = {
				LastSwiftUpdateCheck = 0940;
				LastUpgradeCheck = 0940;
				ORGANIZATIONNAME = "Manish Chaturvedi";
				TargetAttributes = {
					C80AAA6F22DFAB3600BC9D94 = {
						CreatedOnToolsVersion = 9.4;
					};
				};
			};
			buildConfigurationList = C80AAA6B22DFAB3600BC9D94 /* Build configuration list for PBXProject "Table view with internal data" */;
			compatibilityVersion = "Xcode 9.3";
			developmentRegion = en;
			hasScannedForEncodings = 0;
			knownRegions = (
				en,
				Base,
			);
			mainGroup = C80AAA6722DFAB3600BC9D94;
			productRefGroup = C80AAA7122DFAB3600BC9D94 /* Products */;
			projectDirPath = "";
			projectRoot = "";
			targets = (
				C80AAA6F22DFAB3600BC9D94 /* Table view with internal data */,
			);
		};
/* End PBXProject section */

/* Begin PBXResourcesBuildPhase section */
		C80AAA6E22DFAB3600BC9D94 /* Resources */ = {
			isa = PBXResourcesBuildPhase;
			buildActionMask = 2147483647;
			files = (
				C80AAA7E22DFAB3700BC9D94 /* LaunchScreen.storyboard in Resources */,
				C80AAA7B22DFAB3700BC9D94 /* Assets.xcassets in Resources */,
				C80AAA7922DFAB3600BC9D94 /* Main.storyboard in Resources */,
			);
			runOnlyForDeploymentPostprocessing = 0;
		};
/* End PBXResourcesBuildPhase section */

/* Begin PBXSourcesBuildPhase section */
		C80AAA6C22DFAB3600BC9D94 /* Sources */ = {
			isa = PBXSourcesBuildPhase;
			buildActionMask = 2147483647;
			files = (
				C80AAA8E22DFF5D900BC9D94 /* TableViewCell.swift in Sources */,
				C80AAA7422DFAB3600BC9D94 /* AppDelegate.swift in Sources */,
				C80AAA8C22DFE1CB00BC9D94 /* TableViewController.swift in Sources */,
				C8B3A34A22E3973B002FEC3B /* DetailViewController.swift in Sources */,
			);
			runOnlyForDeploymentPostprocessing = 0;
		};
/* End PBXSourcesBuildPhase section */

/* Begin PBXVariantGroup section */
		C80AAA7722DFAB3600BC9D94 /* Main.storyboard */ = {
			isa = PBXVariantGroup;
			children = (
				C80AAA7822DFAB3600BC9D94 /* Base */,
			);
			name = Main.storyboard;
			sourceTree = "<group>";
		};
		C80AAA7C22DFAB3700BC9D94 /* LaunchScreen.storyboard */ = {
			isa = PBXVariantGroup;
			children = (
				C80AAA7D22DFAB3700BC9D94 /* Base */,
			);
			name = LaunchScreen.storyboard;
			sourceTree = "<group>";
		};
/* End PBXVariantGroup section */

/* Begin XCBuildConfiguration section */
		C80AAA8022DFAB3700BC9D94 /* Debug */ = {
			isa = XCBuildConfiguration;
			buildSettings = {
				ALWAYS_SEARCH_USER_PATHS = NO;
				CLANG_ANALYZER_NONNULL = YES;
				CLANG_ANALYZER_NUMBER_OBJECT_CONVERSION = YES_AGGRESSIVE;
				CLANG_CXX_LANGUAGE_STANDARD = "gnu++14";
				CLANG_CXX_LIBRARY = "libc++";
				CLANG_ENABLE_MODULES = YES;
				CLANG_ENABLE_OBJC_ARC = YES;
				CLANG_ENABLE_OBJC_WEAK = YES;
				CLANG_WARN_BLOCK_CAPTURE_AUTORELEASING = YES;
				CLANG_WARN_BOOL_CONVERSION = YES;
				CLANG_WARN_COMMA = YES;
				CLANG_WARN_CONSTANT_CONVERSION = YES;
				CLANG_WARN_DEPRECATED_OBJC_IMPLEMENTATIONS = YES;
				CLANG_WARN_DIRECT_OBJC_ISA_USAGE = YES_ERROR;
				CLANG_WARN_DOCUMENTATION_COMMENTS = YES;
				CLANG_WARN_EMPTY_BODY = YES;
				CLANG_WARN_ENUM_CONVERSION = YES;
				CLANG_WARN_INFINITE_RECURSION = YES;
				CLANG_WARN_INT_CONVERSION = YES;
				CLANG_WARN_NON_LITERAL_NULL_CONVERSION = YES;
				CLANG_WARN_OBJC_IMPLICIT_RETAIN_SELF = YES;
				CLANG_WARN_OBJC_LITERAL_CONVERSION = YES;
				CLANG_WARN_OBJC_ROOT_CLASS = YES_ERROR;
				CLANG_WARN_RANGE_LOOP_ANALYSIS = YES;
				CLANG_WARN_STRICT_PROTOTYPES = YES;
				CLANG_WARN_SUSPICIOUS_MOVE = YES;
				CLANG_WARN_UNGUARDED_AVAILABILITY = YES_AGGRESSIVE;
				CLANG_WARN_UNREACHABLE_CODE = YES;
				CLANG_WARN__DUPLICATE_METHOD_MATCH = YES;
				CODE_SIGN_IDENTITY = "iPhone Developer";
				COPY_PHASE_STRIP = NO;
				DEBUG_INFORMATION_FORMAT = dwarf;
				ENABLE_STRICT_OBJC_MSGSEND = YES;
				ENABLE_TESTABILITY = YES;
				GCC_C_LANGUAGE_STANDARD = gnu11;
				GCC_DYNAMIC_NO_PIC = NO;
				GCC_NO_COMMON_BLOCKS = YES;
				GCC_OPTIMIZATION_LEVEL = 0;
				GCC_PREPROCESSOR_DEFINITIONS = (
					"DEBUG=1",
					"$(inherited)",
				);
				GCC_WARN_64_TO_32_BIT_CONVERSION = YES;
				GCC_WARN_ABOUT_RETURN_TYPE = YES_ERROR;
				GCC_WARN_UNDECLARED_SELECTOR = YES;
				GCC_WARN_UNINITIALIZED_AUTOS = YES_AGGRESSIVE;
				GCC_WARN_UNUSED_FUNCTION = YES;
				GCC_WARN_UNUSED_VARIABLE = YES;
				IPHONEOS_DEPLOYMENT_TARGET = 11.4;
				MTL_ENABLE_DEBUG_INFO = YES;
				ONLY_ACTIVE_ARCH = YES;
				SDKROOT = iphoneos;
				SWIFT_ACTIVE_COMPILATION_CONDITIONS = DEBUG;
				SWIFT_OPTIMIZATION_LEVEL = "-Onone";
			};
			name = Debug;
		};
		C80AAA8122DFAB3700BC9D94 /* Release */ = {
			isa = XCBuildConfiguration;
			buildSettings = {
				ALWAYS_SEARCH_USER_PATHS = NO;
				CLANG_ANALYZER_NONNULL = YES;
				CLANG_ANALYZER_NUMBER_OBJECT_CONVERSION = YES_AGGRESSIVE;
				CLANG_CXX_LANGUAGE_STANDARD = "gnu++14";
				CLANG_CXX_LIBRARY = "libc++";
				CLANG_ENABLE_MODULES = YES;
				CLANG_ENABLE_OBJC_ARC = YES;
				CLANG_ENABLE_OBJC_WEAK = YES;
				CLANG_WARN_BLOCK_CAPTURE_AUTORELEASING = YES;
				CLANG_WARN_BOOL_CONVERSION = YES;
				CLANG_WARN_COMMA = YES;
				CLANG_WARN_CONSTANT_CONVERSION = YES;
				CLANG_WARN_DEPRECATED_OBJC_IMPLEMENTATIONS = YES;
				CLANG_WARN_DIRECT_OBJC_ISA_USAGE = YES_ERROR;
				CLANG_WARN_DOCUMENTATION_COMMENTS = YES;
				CLANG_WARN_EMPTY_BODY = YES;
				CLANG_WARN_ENUM_CONVERSION = YES;
				CLANG_WARN_INFINITE_RECURSION = YES;
				CLANG_WARN_INT_CONVERSION = YES;
				CLANG_WARN_NON_LITERAL_NULL_CONVERSION = YES;
				CLANG_WARN_OBJC_IMPLICIT_RETAIN_SELF = YES;
				CLANG_WARN_OBJC_LITERAL_CONVERSION = YES;
				CLANG_WARN_OBJC_ROOT_CLASS = YES_ERROR;
				CLANG_WARN_RANGE_LOOP_ANALYSIS = YES;
				CLANG_WARN_STRICT_PROTOTYPES = YES;
				CLANG_WARN_SUSPICIOUS_MOVE = YES;
				CLANG_WARN_UNGUARDED_AVAILABILITY = YES_AGGRESSIVE;
				CLANG_WARN_UNREACHABLE_CODE = YES;
				CLANG_WARN__DUPLICATE_METHOD_MATCH = YES;
				CODE_SIGN_IDENTITY = "iPhone Developer";
				COPY_PHASE_STRIP = NO;
				DEBUG_INFORMATION_FORMAT = "dwarf-with-dsym";
				ENABLE_NS_ASSERTIONS = NO;
				ENABLE_STRICT_OBJC_MSGSEND = YES;
				GCC_C_LANGUAGE_STANDARD = gnu11;
				GCC_NO_COMMON_BLOCKS = YES;
				GCC_WARN_64_TO_32_BIT_CONVERSION = YES;
				GCC_WARN_ABOUT_RETURN_TYPE = YES_ERROR;
				GCC_WARN_UNDECLARED_SELECTOR = YES;
				GCC_WARN_UNINITIALIZED_AUTOS = YES_AGGRESSIVE;
				GCC_WARN_UNUSED_FUNCTION = YES;
				GCC_WARN_UNUSED_VARIABLE = YES;
				IPHONEOS_DEPLOYMENT_TARGET = 11.4;
				MTL_ENABLE_DEBUG_INFO = NO;
				SDKROOT = iphoneos;
				SWIFT_COMPILATION_MODE = wholemodule;
				SWIFT_OPTIMIZATION_LEVEL = "-O";
				VALIDATE_PRODUCT = YES;
			};
			name = Release;
		};
		C80AAA8322DFAB3700BC9D94 /* Debug */ = {
			isa = XCBuildConfiguration;
			buildSettings = {
				ASSETCATALOG_COMPILER_APPICON_NAME = AppIcon;
				CODE_SIGN_STYLE = Automatic;
				INFOPLIST_FILE = "Table view with internal data/Info.plist";
				LD_RUNPATH_SEARCH_PATHS = (
					"$(inherited)",
					"@executable_path/Frameworks",
				);
				PRODUCT_BUNDLE_IDENTIFIER = "Manish.Table-view-with-internal-data";
				PRODUCT_NAME = "$(TARGET_NAME)";
				SWIFT_VERSION = 4.0;
				TARGETED_DEVICE_FAMILY = "1,2";
			};
			name = Debug;
		};
		C80AAA8422DFAB3700BC9D94 /* Release */ = {
			isa = XCBuildConfiguration;
			buildSettings = {
				ASSETCATALOG_COMPILER_APPICON_NAME = AppIcon;
				CODE_SIGN_STYLE = Automatic;
				INFOPLIST_FILE = "Table view with internal data/Info.plist";
				LD_RUNPATH_SEARCH_PATHS = (
					"$(inherited)",
					"@executable_path/Frameworks",
				);
				PRODUCT_BUNDLE_IDENTIFIER = "Manish.Table-view-with-internal-data";
				PRODUCT_NAME = "$(TARGET_NAME)";
				SWIFT_VERSION = 4.0;
				TARGETED_DEVICE_FAMILY = "1,2";
			};
			name = Release;
		};
/* End XCBuildConfiguration section */

/* Begin XCConfigurationList section */
		C80AAA6B22DFAB3600BC9D94 /* Build configuration list for PBXProject "Table view with internal data" */ = {
			isa = XCConfigurationList;
			buildConfigurations = (
				C80AAA8022DFAB3700BC9D94 /* Debug */,
				C80AAA8122DFAB3700BC9D94 /* Release */,
			);
			defaultConfigurationIsVisible = 0;
			defaultConfigurationName = Release;
		};
		C80AAA8222DFAB3700BC9D94 /* Build configuration list for PBXNativeTarget "Table view with internal data" */ = {
			isa = XCConfigurationList;
			buildConfigurations = (
				C80AAA8322DFAB3700BC9D94 /* Debug */,
				C80AAA8422DFAB3700BC9D94 /* Release */,
			);
			defaultConfigurationIsVisible = 0;
			defaultConfigurationName = Release;
		};
/* End XCConfigurationList section */
	};
	rootObject = C80AAA6822DFAB3600BC9D94 /* Project object */;
}
